{
  "nodes": {
    "nixpkgs": {
      "locked": {
        "lastModified": 1790822859,
        "narHash": "sha256-69xHQhAeMAD2wDXO7T2pcOZIF9Sga2W+JkmY2a11Ops=",
        "owner": "NixOS",
        "repo": "nixpkgs",
        "rev": "c59305bab2065cfecc4944690d9eedbb56f3a9fa",
        "type": "github"
      },
      "original": {
        "owner": "NixOS",
        "ref": "nixos-unstable",
        "repo": "nixpkgs",
        "type": "github"
      }
    },
    "omnix": {
      "inputs": {
        "nixpkgs": [
          "nixpkgs"
        ]
      },
      "locked": {
        "lastModified": 1791008905,
        "narHash": "sha256-CcJdb3rFYywwwFUZ9VYVQSSlIJgT2UpJ8Ribec6WORw=",
        "owner": "Omnix-Linux",
        "repo": "Omnix",
        "rev": "6c184798d4dea4e33f287a75b64e754859537b40",
        "type": "github"
      },
      "original": {
        "owner": "Omnix-Linux",
        "repo": "Omnix",
        "type": "github"
      }
    },
    "root": {
      "inputs": {
        "nixpkgs": "nixpkgs",
        "omnix": "omnix"
      }
    }
  },
  "root": "root",
  "version": 7
}
